// !$*UTF8*$!
{
	archiveVersion = 1;
	classes = {
	};
	objectVersion = 50;
	objects = {

/* Begin PBXBuildFile section */
		0AF889EDF7119257AA9C42E4 /* Pods_StationTimeTable.framework in Frameworks */ = {isa = PBXBuildFile; fileRef = F7DCBA6F8279A21743ED3C1B /* Pods_StationTimeTable.framework */; };
		B9B9DC4A208A555F002C0BF4 /* AppDelegate.swift in Sources */ = {isa = PBXBuildFile; fileRef = B9B9DC49208A555F002C0BF4 /* AppDelegate.swift */; };
		B9B9DC4C208A555F002C0BF4 /* StationViewController.swift in Sources */ = {isa = PBXBuildFile; fileRef = B9B9DC4B208A555F002C0BF4 /* StationViewController.swift */; };
		B9B9DC4F208A555F002C0BF4 /* Main.storyboard in Resources */ = {isa = PBXBuildFile; fileRef = B9B9DC4D208A555F002C0BF4 /* Main.storyboard */; };
		B9B9DC51208A5560002C0BF4 /* Assets.xcassets in Resources */ = {isa = PBXBuildFile; fileRef = B9B9DC50208A5560002C0BF4 /* Assets.xcassets */; };
		B9B9DC54208A5560002C0BF4 /* LaunchScreen.storyboard in Resources */ = {isa = PBXBuildFile; fileRef = B9B9DC52208A5560002C0BF4 /* LaunchScreen.storyboard */; };
		B9B9DC6A208A5600002C0BF4 /* Provider.swift in Sources */ = {isa = PBXBuildFile; fileRef = B9B9DC69208A5600002C0BF4 /* Provider.swift */; };
		B9B9DC6C208A5641002C0BF4 /* FbError.swift in Sources */ = {isa = PBXBuildFile; fileRef = B9B9DC6B208A5641002C0BF4 /* FbError.swift */; };
		B9B9DC6E208A5672002C0BF4 /* FbErrorTests.swift in Sources */ = {isa = PBXBuildFile; fileRef = B9B9DC6D208A5672002C0BF4 /* FbErrorTests.swift */; };
		B9B9DC71208A56D1002C0BF4 /* StationProvider.swift in Sources */ = {isa = PBXBuildFile; fileRef = B9B9DC70208A56D1002C0BF4 /* StationProvider.swift */; };
		B9B9DC73208A5736002C0BF4 /* StationInfo.swift in Sources */ = {isa = PBXBuildFile; fileRef = B9B9DC72208A5736002C0BF4 /* StationInfo.swift */; };
		B9B9DC76208A5754002C0BF4 /* Mappable.swift in Sources */ = {isa = PBXBuildFile; fileRef = B9B9DC75208A5754002C0BF4 /* Mappable.swift */; };
		B9B9DC78208A5766002C0BF4 /* Utils.swift in Sources */ = {isa = PBXBuildFile; fileRef = B9B9DC77208A5766002C0BF4 /* Utils.swift */; };
		B9B9DC7A208A577B002C0BF4 /* UtilsTests.swift in Sources */ = {isa = PBXBuildFile; fileRef = B9B9DC79208A577B002C0BF4 /* UtilsTests.swift */; };
		B9B9DC7C208A57F7002C0BF4 /* String.swift in Sources */ = {isa = PBXBuildFile; fileRef = B9B9DC7B208A57F7002C0BF4 /* String.swift */; };
		B9B9DC7E208A5827002C0BF4 /* TimeTable.swift in Sources */ = {isa = PBXBuildFile; fileRef = B9B9DC7D208A5827002C0BF4 /* TimeTable.swift */; };
		B9B9DC80208A583C002C0BF4 /* Arrival.swift in Sources */ = {isa = PBXBuildFile; fileRef = B9B9DC7F208A583C002C0BF4 /* Arrival.swift */; };
		B9B9DC82208A5851002C0BF4 /* Departure.swift in Sources */ = {isa = PBXBuildFile; fileRef = B9B9DC81208A5851002C0BF4 /* Departure.swift */; };
		B9B9DC84208A5884002C0BF4 /* Station.swift in Sources */ = {isa = PBXBuildFile; fileRef = B9B9DC83208A5884002C0BF4 /* Station.swift */; };
		B9B9DC86208A58BC002C0BF4 /* StringExtensionTests.swift in Sources */ = {isa = PBXBuildFile; fileRef = B9B9DC85208A58BC002C0BF4 /* StringExtensionTests.swift */; };
		B9B9DC89208A5D0F002C0BF4 /* StationInfoTests.swift in Sources */ = {isa = PBXBuildFile; fileRef = B9B9DC88208A5D0F002C0BF4 /* StationInfoTests.swift */; };
		B9B9DC8C208A634A002C0BF4 /* StationProviderTests.swift in Sources */ = {isa = PBXBuildFile; fileRef = B9B9DC8B208A634A002C0BF4 /* StationProviderTests.swift */; };
		B9B9DC90208A6C9A002C0BF4 /* StationViewModel.swift in Sources */ = {isa = PBXBuildFile; fileRef = B9B9DC8F208A6C9A002C0BF4 /* StationViewModel.swift */; };
		B9B9DC94208B0562002C0BF4 /* Reusable.swift in Sources */ = {isa = PBXBuildFile; fileRef = B9B9DC93208B0562002C0BF4 /* Reusable.swift */; };
		B9B9DC96208B058D002C0BF4 /* StationTableViewCell.swift in Sources */ = {isa = PBXBuildFile; fileRef = B9B9DC95208B058D002C0BF4 /* StationTableViewCell.swift */; };
		B9B9DC98208B1B6F002C0BF4 /* BaseViewController.swift in Sources */ = {isa = PBXBuildFile; fileRef = B9B9DC97208B1B6F002C0BF4 /* BaseViewController.swift */; };
		B9B9DC9A208B1C23002C0BF4 /* StationViewModelTests.swift in Sources */ = {isa = PBXBuildFile; fileRef = B9B9DC99208B1C23002C0BF4 /* StationViewModelTests.swift */; };
		DE82E3B0B9FBC78A98A6E2CA /* Pods_StationTimeTableTests.framework in Frameworks */ = {isa = PBXBuildFile; fileRef = F0A6706AD018A87A4B3E29CB /* Pods_StationTimeTableTests.framework */; };
/* End PBXBuildFile section */

/* Begin PBXContainerItemProxy section */
		B9B9DC5B208A5560002C0BF4 /* PBXContainerItemProxy */ = {
			isa = PBXContainerItemProxy;
			containerPortal = B9B9DC3E208A555E002C0BF4 /* Project object */;
			proxyType = 1;
			remoteGlobalIDString = B9B9DC45208A555F002C0BF4;
			remoteInfo = StationTimeTable;
		};
/* End PBXContainerItemProxy section */

/* Begin PBXFileReference section */
		13A8ECE9B171A2242E0FAF39 /* Pods-StationTimeTable.debug.xcconfig */ = {isa = PBXFileReference; includeInIndex = 1; lastKnownFileType = text.xcconfig; name = "Pods-StationTimeTable.debug.xcconfig"; path = "Pods/Target Support Files/Pods-StationTimeTable/Pods-StationTimeTable.debug.xcconfig"; sourceTree = "<group>"; };
		366AEFEC066DD752D4547A99 /* Pods-StationTimeTableTests.release.xcconfig */ = {isa = PBXFileReference; includeInIndex = 1; lastKnownFileType = text.xcconfig; name = "Pods-StationTimeTableTests.release.xcconfig"; path = "Pods/Target Support Files/Pods-StationTimeTableTests/Pods-StationTimeTableTests.release.xcconfig"; sourceTree = "<group>"; };
		3F3415BFDD09E02594672889 /* Pods-StationTimeTableTests.debug.xcconfig */ = {isa = PBXFileReference; includeInIndex = 1; lastKnownFileType = text.xcconfig; name = "Pods-StationTimeTableTests.debug.xcconfig"; path = "Pods/Target Support Files/Pods-StationTimeTableTests/Pods-StationTimeTableTests.debug.xcconfig"; sourceTree = "<group>"; };
		9B848961B1352D21897D691D /* Pods-StationTimeTable.release.xcconfig */ = {isa = PBXFileReference; includeInIndex = 1; lastKnownFileType = text.xcconfig; name = "Pods-StationTimeTable.release.xcconfig"; path = "Pods/Target Support Files/Pods-StationTimeTable/Pods-StationTimeTable.release.xcconfig"; sourceTree = "<group>"; };
		B9B9DC46208A555F002C0BF4 /* StationTimeTable.app */ = {isa = PBXFileReference; explicitFileType = wrapper.application; includeInIndex = 0; path = StationTimeTable.app; sourceTree = BUILT_PRODUCTS_DIR; };
		B9B9DC49208A555F002C0BF4 /* AppDelegate.swift */ = {isa = PBXFileReference; lastKnownFileType = sourcecode.swift; path = AppDelegate.swift; sourceTree = "<group>"; };
		B9B9DC4B208A555F002C0BF4 /* StationViewController.swift */ = {isa = PBXFileReference; lastKnownFileType = sourcecode.swift; path = StationViewController.swift; sourceTree = "<group>"; };
		B9B9DC4E208A555F002C0BF4 /* Base */ = {isa = PBXFileReference; lastKnownFileType = file.storyboard; name = Base; path = Base.lproj/Main.storyboard; sourceTree = "<group>"; };
		B9B9DC50208A5560002C0BF4 /* Assets.xcassets */ = {isa = PBXFileReference; lastKnownFileType = folder.assetcatalog; path = Assets.xcassets; sourceTree = "<group>"; };
		B9B9DC53208A5560002C0BF4 /* Base */ = {isa = PBXFileReference; lastKnownFileType = file.storyboard; name = Base; path = Base.lproj/LaunchScreen.storyboard; sourceTree = "<group>"; };
		B9B9DC55208A5560002C0BF4 /* Info.plist */ = {isa = PBXFileReference; lastKnownFileType = text.plist.xml; path = Info.plist; sourceTree = "<group>"; };
		B9B9DC5A208A5560002C0BF4 /* StationTimeTableTests.xctest */ = {isa = PBXFileReference; explicitFileType = wrapper.cfbundle; includeInIndex = 0; path = StationTimeTableTests.xctest; sourceTree = BUILT_PRODUCTS_DIR; };
		B9B9DC60208A5560002C0BF4 /* Info.plist */ = {isa = PBXFileReference; lastKnownFileType = text.plist.xml; path = Info.plist; sourceTree = "<group>"; };
		B9B9DC69208A5600002C0BF4 /* Provider.swift */ = {isa = PBXFileReference; lastKnownFileType = sourcecode.swift; path = Provider.swift; sourceTree = "<group>"; };
		B9B9DC6B208A5641002C0BF4 /* FbError.swift */ = {isa = PBXFileReference; lastKnownFileType = sourcecode.swift; path = FbError.swift; sourceTree = "<group>"; };
		B9B9DC6D208A5672002C0BF4 /* FbErrorTests.swift */ = {isa = PBXFileReference; lastKnownFileType = sourcecode.swift; path = FbErrorTests.swift; sourceTree = "<group>"; };
		B9B9DC70208A56D1002C0BF4 /* StationProvider.swift */ = {isa = PBXFileReference; lastKnownFileType = sourcecode.swift; path = StationProvider.swift; sourceTree = "<group>"; };
		B9B9DC72208A5736002C0BF4 /* StationInfo.swift */ = {isa = PBXFileReference; lastKnownFileType = sourcecode.swift; path = StationInfo.swift; sourceTree = "<group>"; };
		B9B9DC75208A5754002C0BF4 /* Mappable.swift */ = {isa = PBXFileReference; lastKnownFileType = sourcecode.swift; path = Mappable.swift; sourceTree = "<group>"; };
		B9B9DC77208A5766002C0BF4 /* Utils.swift */ = {isa = PBXFileReference; lastKnownFileType = sourcecode.swift; path = Utils.swift; sourceTree = "<group>"; };
		B9B9DC79208A577B002C0BF4 /* UtilsTests.swift */ = {isa = PBXFileReference; lastKnownFileType = sourcecode.swift; path = UtilsTests.swift; sourceTree = "<group>"; };
		B9B9DC7B208A57F7002C0BF4 /* String.swift */ = {isa = PBXFileReference; lastKnownFileType = sourcecode.swift; path = String.swift; sourceTree = "<group>"; };
		B9B9DC7D208A5827002C0BF4 /* TimeTable.swift */ = {isa = PBXFileReference; lastKnownFileType = sourcecode.swift; path = TimeTable.swift; sourceTree = "<group>"; };
		B9B9DC7F208A583C002C0BF4 /* Arrival.swift */ = {isa = PBXFileReference; lastKnownFileType = sourcecode.swift; path = Arrival.swift; sourceTree = "<group>"; };
		B9B9DC81208A5851002C0BF4 /* Departure.swift */ = {isa = PBXFileReference; lastKnownFileType = sourcecode.swift; path = Departure.swift; sourceTree = "<group>"; };
		B9B9DC83208A5884002C0BF4 /* Station.swift */ = {isa = PBXFileReference; lastKnownFileType = sourcecode.swift; path = Station.swift; sourceTree = "<group>"; };
		B9B9DC85208A58BC002C0BF4 /* StringExtensionTests.swift */ = {isa = PBXFileReference; lastKnownFileType = sourcecode.swift; path = StringExtensionTests.swift; sourceTree = "<group>"; };
		B9B9DC88208A5D0F002C0BF4 /* StationInfoTests.swift */ = {isa = PBXFileReference; lastKnownFileType = sourcecode.swift; path = StationInfoTests.swift; sourceTree = "<group>"; };
		B9B9DC8B208A634A002C0BF4 /* StationProviderTests.swift */ = {isa = PBXFileReference; lastKnownFileType = sourcecode.swift; path = StationProviderTests.swift; sourceTree = "<group>"; };
		B9B9DC8F208A6C9A002C0BF4 /* StationViewModel.swift */ = {isa = PBXFileReference; lastKnownFileType = sourcecode.swift; path = StationViewModel.swift; sourceTree = "<group>"; };
		B9B9DC93208B0562002C0BF4 /* Reusable.swift */ = {isa = PBXFileReference; lastKnownFileType = sourcecode.swift; path = Reusable.swift; sourceTree = "<group>"; };
		B9B9DC95208B058D002C0BF4 /* StationTableViewCell.swift */ = {isa = PBXFileReference; lastKnownFileType = sourcecode.swift; path = StationTableViewCell.swift; sourceTree = "<group>"; };
		B9B9DC97208B1B6F002C0BF4 /* BaseViewController.swift */ = {isa = PBXFileReference; lastKnownFileType = sourcecode.swift; path = BaseViewController.swift; sourceTree = "<group>"; };
		B9B9DC99208B1C23002C0BF4 /* StationViewModelTests.swift */ = {isa = PBXFileReference; lastKnownFileType = sourcecode.swift; path = StationViewModelTests.swift; sourceTree = "<group>"; };
		F0A6706AD018A87A4B3E29CB /* Pods_StationTimeTableTests.framework */ = {isa = PBXFileReference; explicitFileType = wrapper.framework; includeInIndex = 0; path = Pods_StationTimeTableTests.framework; sourceTree = BUILT_PRODUCTS_DIR; };
		F7DCBA6F8279A21743ED3C1B /* Pods_StationTimeTable.framework */ = {isa = PBXFileReference; explicitFileType = wrapper.framework; includeInIndex = 0; path = Pods_StationTimeTable.framework; sourceTree = BUILT_PRODUCTS_DIR; };
/* End PBXFileReference section */

/* Begin PBXFrameworksBuildPhase section */
		B9B9DC43208A555F002C0BF4 /* Frameworks */ = {
			isa = PBXFrameworksBuildPhase;
			buildActionMask = 2147483647;
			files = (
				0AF889EDF7119257AA9C42E4 /* Pods_StationTimeTable.framework in Frameworks */,
			);
			runOnlyForDeploymentPostprocessing = 0;
		};
		B9B9DC57208A5560002C0BF4 /* Frameworks */ = {
			isa = PBXFrameworksBuildPhase;
			buildActionMask = 2147483647;
			files = (
				DE82E3B0B9FBC78A98A6E2CA /* Pods_StationTimeTableTests.framework in Frameworks */,
			);
			runOnlyForDeploymentPostprocessing = 0;
		};
/* End PBXFrameworksBuildPhase section */

/* Begin PBXGroup section */
		B9B9DC3D208A555E002C0BF4 = {
			isa = PBXGroup;
			children = (
				B9B9DC48208A555F002C0BF4 /* StationTimeTable */,
				B9B9DC5D208A5560002C0BF4 /* StationTimeTableTests */,
				B9B9DC47208A555F002C0BF4 /* Products */,
				F9EA3C511A3E2A85024D8ABB /* Pods */,
				D818BFA6607739FF4FF8B773 /* Frameworks */,
			);
			sourceTree = "<group>";
		};
		B9B9DC47208A555F002C0BF4 /* Products */ = {
			isa = PBXGroup;
			children = (
				B9B9DC46208A555F002C0BF4 /* StationTimeTable.app */,
				B9B9DC5A208A5560002C0BF4 /* StationTimeTableTests.xctest */,
			);
			name = Products;
			sourceTree = "<group>";
		};
		B9B9DC48208A555F002C0BF4 /* StationTimeTable */ = {
			isa = PBXGroup;
			children = (
				B9B9DC49208A555F002C0BF4 /* AppDelegate.swift */,
				B9B9DC97208B1B6F002C0BF4 /* BaseViewController.swift */,
				B9B9DC91208A6C9E002C0BF4 /* StationViewController */,
				B9B9DC77208A5766002C0BF4 /* Utils.swift */,
				B9B9DC92208B0552002C0BF4 /* Extensions */,
				B9B9DC74208A5749002C0BF4 /* Models */,
				B9B9DC6F208A56AC002C0BF4 /* Providers */,
				B9B9DC6B208A5641002C0BF4 /* FbError.swift */,
				B9B9DC4D208A555F002C0BF4 /* Main.storyboard */,
				B9B9DC50208A5560002C0BF4 /* Assets.xcassets */,
				B9B9DC52208A5560002C0BF4 /* LaunchScreen.storyboard */,
				B9B9DC55208A5560002C0BF4 /* Info.plist */,
			);
			path = StationTimeTable;
			sourceTree = "<group>";
		};
		B9B9DC5D208A5560002C0BF4 /* StationTimeTableTests */ = {
			isa = PBXGroup;
			children = (
				B9B9DC6D208A5672002C0BF4 /* FbErrorTests.swift */,
				B9B9DC79208A577B002C0BF4 /* UtilsTests.swift */,
				B9B9DC8B208A634A002C0BF4 /* StationProviderTests.swift */,
				B9B9DC99208B1C23002C0BF4 /* StationViewModelTests.swift */,
				B9B9DC8A208A632F002C0BF4 /* ModelsTests */,
				B9B9DC87208A58C1002C0BF4 /* ExtensionTests */,
				B9B9DC60208A5560002C0BF4 /* Info.plist */,
			);
			path = StationTimeTableTests;
			sourceTree = "<group>";
		};
		B9B9DC6F208A56AC002C0BF4 /* Providers */ = {
			isa = PBXGroup;
			children = (
				B9B9DC69208A5600002C0BF4 /* Provider.swift */,
				B9B9DC70208A56D1002C0BF4 /* StationProvider.swift */,
			);
			path = Providers;
			sourceTree = "<group>";
		};
		B9B9DC74208A5749002C0BF4 /* Models */ = {
			isa = PBXGroup;
			children = (
				B9B9DC72208A5736002C0BF4 /* StationInfo.swift */,
				B9B9DC75208A5754002C0BF4 /* Mappable.swift */,
				B9B9DC7D208A5827002C0BF4 /* TimeTable.swift */,
				B9B9DC7F208A583C002C0BF4 /* Arrival.swift */,
				B9B9DC81208A5851002C0BF4 /* Departure.swift */,
				B9B9DC83208A5884002C0BF4 /* Station.swift */,
			);
			path = Models;
			sourceTree = "<group>";
		};
		B9B9DC87208A58C1002C0BF4 /* ExtensionTests */ = {
			isa = PBXGroup;
			children = (
				B9B9DC85208A58BC002C0BF4 /* StringExtensionTests.swift */,
			);
			path = ExtensionTests;
			sourceTree = "<group>";
		};
		B9B9DC8A208A632F002C0BF4 /* ModelsTests */ = {
			isa = PBXGroup;
			children = (
				B9B9DC88208A5D0F002C0BF4 /* StationInfoTests.swift */,
			);
			path = ModelsTests;
			sourceTree = "<group>";
		};
		B9B9DC91208A6C9E002C0BF4 /* StationViewController */ = {
			isa = PBXGroup;
			children = (
				B9B9DC4B208A555F002C0BF4 /* StationViewController.swift */,
				B9B9DC8F208A6C9A002C0BF4 /* StationViewModel.swift */,
				B9B9DC95208B058D002C0BF4 /* StationTableViewCell.swift */,
			);
			path = StationViewController;
			sourceTree = "<group>";
		};
		B9B9DC92208B0552002C0BF4 /* Extensions */ = {
			isa = PBXGroup;
			children = (
				B9B9DC7B208A57F7002C0BF4 /* String.swift */,
				B9B9DC93208B0562002C0BF4 /* Reusable.swift */,
			);
			path = Extensions;
			sourceTree = "<group>";
		};
		D818BFA6607739FF4FF8B773 /* Frameworks */ = {
			isa = PBXGroup;
			children = (
				F7DCBA6F8279A21743ED3C1B /* Pods_StationTimeTable.framework */,
				F0A6706AD018A87A4B3E29CB /* Pods_StationTimeTableTests.framework */,
			);
			name = Frameworks;
			sourceTree = "<group>";
		};
		F9EA3C511A3E2A85024D8ABB /* Pods */ = {
			isa = PBXGroup;
			children = (
				13A8ECE9B171A2242E0FAF39 /* Pods-StationTimeTable.debug.xcconfig */,
				9B848961B1352D21897D691D /* Pods-StationTimeTable.release.xcconfig */,
				3F3415BFDD09E02594672889 /* Pods-StationTimeTableTests.debug.xcconfig */,
				366AEFEC066DD752D4547A99 /* Pods-StationTimeTableTests.release.xcconfig */,
			);
			name = Pods;
			sourceTree = "<group>";
		};
/* End PBXGroup section */

/* Begin PBXNativeTarget section */
		B9B9DC45208A555F002C0BF4 /* StationTimeTable */ = {
			isa = PBXNativeTarget;
			buildConfigurationList = B9B9DC63208A5560002C0BF4 /* Build configuration list for PBXNativeTarget "StationTimeTable" */;
			buildPhases = (
				73D8E377F7D0867953D994A3 /* [CP] Check Pods Manifest.lock */,
				B9B9DC42208A555F002C0BF4 /* Sources */,
				B9B9DC43208A555F002C0BF4 /* Frameworks */,
				B9B9DC44208A555F002C0BF4 /* Resources */,
				3BD9EA1C92E2A755C625DE66 /* [CP] Embed Pods Frameworks */,
			);
			buildRules = (
			);
			dependencies = (
			);
			name = StationTimeTable;
			productName = StationTimeTable;
			productReference = B9B9DC46208A555F002C0BF4 /* StationTimeTable.app */;
			productType = "com.apple.product-type.application";
		};
		B9B9DC59208A5560002C0BF4 /* StationTimeTableTests */ = {
			isa = PBXNativeTarget;
			buildConfigurationList = B9B9DC66208A5560002C0BF4 /* Build configuration list for PBXNativeTarget "StationTimeTableTests" */;
			buildPhases = (
				762C385E49BE804358454ECD /* [CP] Check Pods Manifest.lock */,
				B9B9DC56208A5560002C0BF4 /* Sources */,
				B9B9DC57208A5560002C0BF4 /* Frameworks */,
				B9B9DC58208A5560002C0BF4 /* Resources */,
			);
			buildRules = (
			);
			dependencies = (
				B9B9DC5C208A5560002C0BF4 /* PBXTargetDependency */,
			);
			name = StationTimeTableTests;
			productName = StationTimeTableTests;
			productReference = B9B9DC5A208A5560002C0BF4 /* StationTimeTableTests.xctest */;
			productType = "com.apple.product-type.bundle.unit-test";
		};
/* End PBXNativeTarget section */

/* Begin PBXProject section */
		B9B9DC3E208A555E002C0BF4 /* Project object */ = {
			isa = PBXProject;
			attributes = {
				LastSwiftUpdateCheck = 0930;
				LastUpgradeCheck = 0930;
				ORGANIZATIONNAME = "Ridvan Kuccuk";
				TargetAttributes = {
					B9B9DC45208A555F002C0BF4 = {
						CreatedOnToolsVersion = 9.3;
					};
					B9B9DC59208A5560002C0BF4 = {
						CreatedOnToolsVersion = 9.3;
						TestTargetID = B9B9DC45208A555F002C0BF4;
					};
				};
			};
			buildConfigurationList = B9B9DC41208A555E002C0BF4 /* Build configuration list for PBXProject "StationTimeTable" */;
			compatibilityVersion = "Xcode 9.3";
			developmentRegion = en;
			hasScannedForEncodings = 0;
			knownRegions = (
				en,
				Base,
			);
			mainGroup = B9B9DC3D208A555E002C0BF4;
			productRefGroup = B9B9DC47208A555F002C0BF4 /* Products */;
			projectDirPath = "";
			projectRoot = "";
			targets = (
				B9B9DC45208A555F002C0BF4 /* StationTimeTable */,
				B9B9DC59208A5560002C0BF4 /* StationTimeTableTests */,
			);
		};
/* End PBXProject section */

/* Begin PBXResourcesBuildPhase section */
		B9B9DC44208A555F002C0BF4 /* Resources */ = {
			isa = PBXResourcesBuildPhase;
			buildActionMask = 2147483647;
			files = (
				B9B9DC54208A5560002C0BF4 /* LaunchScreen.storyboard in Resources */,
				B9B9DC51208A5560002C0BF4 /* Assets.xcassets in Resources */,
				B9B9DC4F208A555F002C0BF4 /* Main.storyboard in Resources */,
			);
			runOnlyForDeploymentPostprocessing = 0;
		};
		B9B9DC58208A5560002C0BF4 /* Resources */ = {
			isa = PBXResourcesBuildPhase;
			buildActionMask = 2147483647;
			files = (
			);
			runOnlyForDeploymentPostprocessing = 0;
		};
/* End PBXResourcesBuildPhase section */

/* Begin PBXShellScriptBuildPhase section */
		3BD9EA1C92E2A755C625DE66 /* [CP] Embed Pods Frameworks */ = {
			isa = PBXShellScriptBuildPhase;
			buildActionMask = 2147483647;
			files = (
			);
			inputPaths = (
				"${SRCROOT}/Pods/Target Support Files/Pods-StationTimeTable/Pods-StationTimeTable-frameworks.sh",
				"${BUILT_PRODUCTS_DIR}/Alamofire/Alamofire.framework",
			);
			name = "[CP] Embed Pods Frameworks";
			outputPaths = (
				"${TARGET_BUILD_DIR}/${FRAMEWORKS_FOLDER_PATH}/Alamofire.framework",
			);
			runOnlyForDeploymentPostprocessing = 0;
			shellPath = /bin/sh;
			shellScript = "\"${SRCROOT}/Pods/Target Support Files/Pods-StationTimeTable/Pods-StationTimeTable-frameworks.sh\"\n";
			showEnvVarsInLog = 0;
		};
		73D8E377F7D0867953D994A3 /* [CP] Check Pods Manifest.lock */ = {
			isa = PBXShellScriptBuildPhase;
			buildActionMask = 2147483647;
			files = (
			);
			inputPaths = (
				"${PODS_PODFILE_DIR_PATH}/Podfile.lock",
				"${PODS_ROOT}/Manifest.lock",
			);
			name = "[CP] Check Pods Manifest.lock";
			outputPaths = (
				"$(DERIVED_FILE_DIR)/Pods-StationTimeTable-checkManifestLockResult.txt",
			);
			runOnlyForDeploymentPostprocessing = 0;
			shellPath = /bin/sh;
			shellScript = "diff \"${PODS_PODFILE_DIR_PATH}/Podfile.lock\" \"${PODS_ROOT}/Manifest.lock\" > /dev/null\nif [ $? != 0 ] ; then\n    # print error to STDERR\n    echo \"error: The sandbox is not in sync with the Podfile.lock. Run 'pod install' or update your CocoaPods installation.\" >&2\n    exit 1\nfi\n# This output is used by Xcode 'outputs' to avoid re-running this script phase.\necho \"SUCCESS\" > \"${SCRIPT_OUTPUT_FILE_0}\"\n";
			showEnvVarsInLog = 0;
		};
		762C385E49BE804358454ECD /* [CP] Check Pods Manifest.lock */ = {
			isa = PBXShellScriptBuildPhase;
			buildActionMask = 2147483647;
			files = (
			);
			inputPaths = (
				"${PODS_PODFILE_DIR_PATH}/Podfile.lock",
				"${PODS_ROOT}/Manifest.lock",
			);
			name = "[CP] Check Pods Manifest.lock";
			outputPaths = (
				"$(DERIVED_FILE_DIR)/Pods-StationTimeTableTests-checkManifestLockResult.txt",
			);
			runOnlyForDeploymentPostprocessing = 0;
			shellPath = /bin/sh;
			shellScript = "diff \"${PODS_PODFILE_DIR_PATH}/Podfile.lock\" \"${PODS_ROOT}/Manifest.lock\" > /dev/null\nif [ $? != 0 ] ; then\n    # print error to STDERR\n    echo \"error: The sandbox is not in sync with the Podfile.lock. Run 'pod install' or update your CocoaPods installation.\" >&2\n    exit 1\nfi\n# This output is used by Xcode 'outputs' to avoid re-running this script phase.\necho \"SUCCESS\" > \"${SCRIPT_OUTPUT_FILE_0}\"\n";
			showEnvVarsInLog = 0;
		};
/* End PBXShellScriptBuildPhase section */

/* Begin PBXSourcesBuildPhase section */
		B9B9DC42208A555F002C0BF4 /* Sources */ = {
			isa = PBXSourcesBuildPhase;
			buildActionMask = 2147483647;
			files = (
				B9B9DC71208A56D1002C0BF4 /* StationProvider.swift in Sources */,
				B9B9DC7E208A5827002C0BF4 /* TimeTable.swift in Sources */,
				B9B9DC76208A5754002C0BF4 /* Mappable.swift in Sources */,
				B9B9DC4C208A555F002C0BF4 /* StationViewController.swift in Sources */,
				B9B9DC7C208A57F7002C0BF4 /* String.swift in Sources */,
				B9B9DC84208A5884002C0BF4 /* Station.swift in Sources */,
				B9B9DC73208A5736002C0BF4 /* StationInfo.swift in Sources */,
				B9B9DC98208B1B6F002C0BF4 /* BaseViewController.swift in Sources */,
				B9B9DC82208A5851002C0BF4 /* Departure.swift in Sources */,
				B9B9DC4A208A555F002C0BF4 /* AppDelegate.swift in Sources */,
				B9B9DC94208B0562002C0BF4 /* Reusable.swift in Sources */,
				B9B9DC96208B058D002C0BF4 /* StationTableViewCell.swift in Sources */,
				B9B9DC6C208A5641002C0BF4 /* FbError.swift in Sources */,
				B9B9DC6A208A5600002C0BF4 /* Provider.swift in Sources */,
				B9B9DC80208A583C002C0BF4 /* Arrival.swift in Sources */,
				B9B9DC78208A5766002C0BF4 /* Utils.swift in Sources */,
				B9B9DC90208A6C9A002C0BF4 /* StationViewModel.swift in Sources */,
			);
			runOnlyForDeploymentPostprocessing = 0;
		};
		B9B9DC56208A5560002C0BF4 /* Sources */ = {
			isa = PBXSourcesBuildPhase;
			buildActionMask = 2147483647;
			files = (
				B9B9DC6E208A5672002C0BF4 /* FbErrorTests.swift in Sources */,
				B9B9DC9A208B1C23002C0BF4 /* StationViewModelTests.swift in Sources */,
				B9B9DC7A208A577B002C0BF4 /* UtilsTests.swift in Sources */,
				B9B9DC8C208A634A002C0BF4 /* StationProviderTests.swift in Sources */,
				B9B9DC89208A5D0F002C0BF4 /* StationInfoTests.swift in Sources */,
				B9B9DC86208A58BC002C0BF4 /* StringExtensionTests.swift in Sources */,
			);
			runOnlyForDeploymentPostprocessing = 0;
		};
/* End PBXSourcesBuildPhase section */

/* Begin PBXTargetDependency section */
		B9B9DC5C208A5560002C0BF4 /* PBXTargetDependency */ = {
			isa = PBXTargetDependency;
			target = B9B9DC45208A555F002C0BF4 /* StationTimeTable */;
			targetProxy = B9B9DC5B208A5560002C0BF4 /* PBXContainerItemProxy */;
		};
/* End PBXTargetDependency section */

/* Begin PBXVariantGroup section */
		B9B9DC4D208A555F002C0BF4 /* Main.storyboard */ = {
			isa = PBXVariantGroup;
			children = (
				B9B9DC4E208A555F002C0BF4 /* Base */,
			);
			name = Main.storyboard;
			sourceTree = "<group>";
		};
		B9B9DC52208A5560002C0BF4 /* LaunchScreen.storyboard */ = {
			isa = PBXVariantGroup;
			children = (
				B9B9DC53208A5560002C0BF4 /* Base */,
			);
			name = LaunchScreen.storyboard;
			sourceTree = "<group>";
		};
/* End PBXVariantGroup section */

/* Begin XCBuildConfiguration section */
		B9B9DC61208A5560002C0BF4 /* Debug */ = {
			isa = XCBuildConfiguration;
			buildSettings = {
				ALWAYS_SEARCH_USER_PATHS = NO;
				CLANG_ANALYZER_NONNULL = YES;
				CLANG_ANALYZER_NUMBER_OBJECT_CONVERSION = YES_AGGRESSIVE;
				CLANG_CXX_LANGUAGE_STANDARD = "gnu++14";
				CLANG_CXX_LIBRARY = "libc++";
				CLANG_ENABLE_MODULES = YES;
				CLANG_ENABLE_OBJC_ARC = YES;
				CLANG_ENABLE_OBJC_WEAK = YES;
				CLANG_WARN_BLOCK_CAPTURE_AUTORELEASING = YES;
				CLANG_WARN_BOOL_CONVERSION = YES;
				CLANG_WARN_COMMA = YES;
				CLANG_WARN_CONSTANT_CONVERSION = YES;
				CLANG_WARN_DEPRECATED_OBJC_IMPLEMENTATIONS = YES;
				CLANG_WARN_DIRECT_OBJC_ISA_USAGE = YES_ERROR;
				CLANG_WARN_DOCUMENTATION_COMMENTS = YES;
				CLANG_WARN_EMPTY_BODY = YES;
				CLANG_WARN_ENUM_CONVERSION = YES;
				CLANG_WARN_INFINITE_RECURSION = YES;
				CLANG_WARN_INT_CONVERSION = YES;
				CLANG_WARN_NON_LITERAL_NULL_CONVERSION = YES;
				CLANG_WARN_OBJC_IMPLICIT_RETAIN_SELF = YES;
				CLANG_WARN_OBJC_LITERAL_CONVERSION = YES;
				CLANG_WARN_OBJC_ROOT_CLASS = YES_ERROR;
				CLANG_WARN_RANGE_LOOP_ANALYSIS = YES;
				CLANG_WARN_STRICT_PROTOTYPES = YES;
				CLANG_WARN_SUSPICIOUS_MOVE = YES;
				CLANG_WARN_UNGUARDED_AVAILABILITY = YES_AGGRESSIVE;
				CLANG_WARN_UNREACHABLE_CODE = YES;
				CLANG_WARN__DUPLICATE_METHOD_MATCH = YES;
				CODE_SIGN_IDENTITY = "iPhone Developer";
				COPY_PHASE_STRIP = NO;
				DEBUG_INFORMATION_FORMAT = dwarf;
				ENABLE_STRICT_OBJC_MSGSEND = YES;
				ENABLE_TESTABILITY = YES;
				GCC_C_LANGUAGE_STANDARD = gnu11;
				GCC_DYNAMIC_NO_PIC = NO;
				GCC_NO_COMMON_BLOCKS = YES;
				GCC_OPTIMIZATION_LEVEL = 0;
				GCC_PREPROCESSOR_DEFINITIONS = (
					"DEBUG=1",
					"$(inherited)",
				);
				GCC_WARN_64_TO_32_BIT_CONVERSION = YES;
				GCC_WARN_ABOUT_RETURN_TYPE = YES_ERROR;
				GCC_WARN_UNDECLARED_SELECTOR = YES;
				GCC_WARN_UNINITIALIZED_AUTOS = YES_AGGRESSIVE;
				GCC_WARN_UNUSED_FUNCTION = YES;
				GCC_WARN_UNUSED_VARIABLE = YES;
				IPHONEOS_DEPLOYMENT_TARGET = 9.0;
				MTL_ENABLE_DEBUG_INFO = YES;
				ONLY_ACTIVE_ARCH = YES;
				SDKROOT = iphoneos;
				SWIFT_ACTIVE_COMPILATION_CONDITIONS = DEBUG;
				SWIFT_OPTIMIZATION_LEVEL = "-Onone";
			};
			name = Debug;
		};
		B9B9DC62208A5560002C0BF4 /* Release */ = {
			isa = XCBuildConfiguration;
			buildSettings = {
				ALWAYS_SEARCH_USER_PATHS = NO;
				CLANG_ANALYZER_NONNULL = YES;
				CLANG_ANALYZER_NUMBER_OBJECT_CONVERSION = YES_AGGRESSIVE;
				CLANG_CXX_LANGUAGE_STANDARD = "gnu++14";
				CLANG_CXX_LIBRARY = "libc++";
				CLANG_ENABLE_MODULES = YES;
				CLANG_ENABLE_OBJC_ARC = YES;
				CLANG_ENABLE_OBJC_WEAK = YES;
				CLANG_WARN_BLOCK_CAPTURE_AUTORELEASING = YES;
				CLANG_WARN_BOOL_CONVERSION = YES;
				CLANG_WARN_COMMA = YES;
				CLANG_WARN_CONSTANT_CONVERSION = YES;
				CLANG_WARN_DEPRECATED_OBJC_IMPLEMENTATIONS = YES;
				CLANG_WARN_DIRECT_OBJC_ISA_USAGE = YES_ERROR;
				CLANG_WARN_DOCUMENTATION_COMMENTS = YES;
				CLANG_WARN_EMPTY_BODY = YES;
				CLANG_WARN_ENUM_CONVERSION = YES;
				CLANG_WARN_INFINITE_RECURSION = YES;
				CLANG_WARN_INT_CONVERSION = YES;
				CLANG_WARN_NON_LITERAL_NULL_CONVERSION = YES;
				CLANG_WARN_OBJC_IMPLICIT_RETAIN_SELF = YES;
				CLANG_WARN_OBJC_LITERAL_CONVERSION = YES;
				CLANG_WARN_OBJC_ROOT_CLASS = YES_ERROR;
				CLANG_WARN_RANGE_LOOP_ANALYSIS = YES;
				CLANG_WARN_STRICT_PROTOTYPES = YES;
				CLANG_WARN_SUSPICIOUS_MOVE = YES;
				CLANG_WARN_UNGUARDED_AVAILABILITY = YES_AGGRESSIVE;
				CLANG_WARN_UNREACHABLE_CODE = YES;
				CLANG_WARN__DUPLICATE_METHOD_MATCH = YES;
				CODE_SIGN_IDENTITY = "iPhone Developer";
				COPY_PHASE_STRIP = NO;
				DEBUG_INFORMATION_FORMAT = "dwarf-with-dsym";
				ENABLE_NS_ASSERTIONS = NO;
				ENABLE_STRICT_OBJC_MSGSEND = YES;
				GCC_C_LANGUAGE_STANDARD = gnu11;
				GCC_NO_COMMON_BLOCKS = YES;
				GCC_WARN_64_TO_32_BIT_CONVERSION = YES;
				GCC_WARN_ABOUT_RETURN_TYPE = YES_ERROR;
				GCC_WARN_UNDECLARED_SELECTOR = YES;
				GCC_WARN_UNINITIALIZED_AUTOS = YES_AGGRESSIVE;
				GCC_WARN_UNUSED_FUNCTION = YES;
				GCC_WARN_UNUSED_VARIABLE = YES;
				IPHONEOS_DEPLOYMENT_TARGET = 9.0;
				MTL_ENABLE_DEBUG_INFO = NO;
				SDKROOT = iphoneos;
				SWIFT_COMPILATION_MODE = wholemodule;
				SWIFT_OPTIMIZATION_LEVEL = "-O";
				VALIDATE_PRODUCT = YES;
			};
			name = Release;
		};
		B9B9DC64208A5560002C0BF4 /* Debug */ = {
			isa = XCBuildConfiguration;
			baseConfigurationReference = 13A8ECE9B171A2242E0FAF39 /* Pods-StationTimeTable.debug.xcconfig */;
			buildSettings = {
				ASSETCATALOG_COMPILER_APPICON_NAME = AppIcon;
				CODE_SIGN_STYLE = Automatic;
				INFOPLIST_FILE = StationTimeTable/Info.plist;
				IPHONEOS_DEPLOYMENT_TARGET = 9.0;
				LD_RUNPATH_SEARCH_PATHS = (
					"$(inherited)",
					"@executable_path/Frameworks",
				);
				PRODUCT_BUNDLE_IDENTIFIER = com.ridvankuccuk.StationTimeTable;
				PRODUCT_NAME = "$(TARGET_NAME)";
				SWIFT_VERSION = 4.0;
				TARGETED_DEVICE_FAMILY = "1,2";
			};
			name = Debug;
		};
		B9B9DC65208A5560002C0BF4 /* Release */ = {
			isa = XCBuildConfiguration;
			baseConfigurationReference = 9B848961B1352D21897D691D /* Pods-StationTimeTable.release.xcconfig */;
			buildSettings = {
				ASSETCATALOG_COMPILER_APPICON_NAME = AppIcon;
				CODE_SIGN_STYLE = Automatic;
				INFOPLIST_FILE = StationTimeTable/Info.plist;
				IPHONEOS_DEPLOYMENT_TARGET = 9.0;
				LD_RUNPATH_SEARCH_PATHS = (
					"$(inherited)",
					"@executable_path/Frameworks",
				);
				PRODUCT_BUNDLE_IDENTIFIER = com.ridvankuccuk.StationTimeTable;
				PRODUCT_NAME = "$(TARGET_NAME)";
				SWIFT_VERSION = 4.0;
				TARGETED_DEVICE_FAMILY = "1,2";
			};
			name = Release;
		};
		B9B9DC67208A5560002C0BF4 /* Debug */ = {
			isa = XCBuildConfiguration;
			baseConfigurationReference = 3F3415BFDD09E02594672889 /* Pods-StationTimeTableTests.debug.xcconfig */;
			buildSettings = {
				ALWAYS_EMBED_SWIFT_STANDARD_LIBRARIES = YES;
				BUNDLE_LOADER = "$(TEST_HOST)";
				CODE_SIGN_STYLE = Automatic;
				INFOPLIST_FILE = StationTimeTableTests/Info.plist;
				LD_RUNPATH_SEARCH_PATHS = (
					"$(inherited)",
					"@executable_path/Frameworks",
					"@loader_path/Frameworks",
				);
				PRODUCT_BUNDLE_IDENTIFIER = com.ridvankuccuk.StationTimeTableTests;
				PRODUCT_NAME = "$(TARGET_NAME)";
				SWIFT_VERSION = 4.0;
				TARGETED_DEVICE_FAMILY = "1,2";
				TEST_HOST = "$(BUILT_PRODUCTS_DIR)/StationTimeTable.app/StationTimeTable";
			};
			name = Debug;
		};
		B9B9DC68208A5560002C0BF4 /* Release */ = {
			isa = XCBuildConfiguration;
			baseConfigurationReference = 366AEFEC066DD752D4547A99 /* Pods-StationTimeTableTests.release.xcconfig */;
			buildSettings = {
				ALWAYS_EMBED_SWIFT_STANDARD_LIBRARIES = YES;
				BUNDLE_LOADER = "$(TEST_HOST)";
				CODE_SIGN_STYLE = Automatic;
				INFOPLIST_FILE = StationTimeTableTests/Info.plist;
				LD_RUNPATH_SEARCH_PATHS = (
					"$(inherited)",
					"@executable_path/Frameworks",
					"@loader_path/Frameworks",
				);
				PRODUCT_BUNDLE_IDENTIFIER = com.ridvankuccuk.StationTimeTableTests;
				PRODUCT_NAME = "$(TARGET_NAME)";
				SWIFT_VERSION = 4.0;
				TARGETED_DEVICE_FAMILY = "1,2";
				TEST_HOST = "$(BUILT_PRODUCTS_DIR)/StationTimeTable.app/StationTimeTable";
			};
			name = Release;
		};
/* End XCBuildConfiguration section */

/* Begin XCConfigurationList section */
		B9B9DC41208A555E002C0BF4 /* Build configuration list for PBXProject "StationTimeTable" */ = {
			isa = XCConfigurationList;
			buildConfigurations = (
				B9B9DC61208A5560002C0BF4 /* Debug */,
				B9B9DC62208A5560002C0BF4 /* Release */,
			);
			defaultConfigurationIsVisible = 0;
			defaultConfigurationName = Release;
		};
		B9B9DC63208A5560002C0BF4 /* Build configuration list for PBXNativeTarget "StationTimeTable" */ = {
			isa = XCConfigurationList;
			buildConfigurations = (
				B9B9DC64208A5560002C0BF4 /* Debug */,
				B9B9DC65208A5560002C0BF4 /* Release */,
			);
			defaultConfigurationIsVisible = 0;
			defaultConfigurationName = Release;
		};
		B9B9DC66208A5560002C0BF4 /* Build configuration list for PBXNativeTarget "StationTimeTableTests" */ = {
			isa = XCConfigurationList;
			buildConfigurations = (
				B9B9DC67208A5560002C0BF4 /* Debug */,
				B9B9DC68208A5560002C0BF4 /* Release */,
			);
			defaultConfigurationIsVisible = 0;
			defaultConfigurationName = Release;
		};
/* End XCConfigurationList section */
	};
	rootObject = B9B9DC3E208A555E002C0BF4 /* Project object */;
}
